GEM
  remote: https://rubygems.org/
  specs:
    ansi (1.5.0)
    hashie (3.4.3)
    itamae (1.9.5)
      ansi
      hashie
      schash (~> 0.1.0)
      specinfra (>= 2.37.0, < 3.0.0)
      thor
    itamae-plugin-recipe-selinux (0.0.5)
      itamae
    net-scp (1.2.1)
      net-ssh (>= 2.6.5)
    net-ssh (3.0.2)
    net-telnet (0.1.1)
    schash (0.1.2)
    sfl (2.2)
    specinfra (2.53.1)
      net-scp
      net-ssh (>= 2.7, < 3.1)
      net-telnet
      sfl
    thor (0.19.1)

PLATFORMS
  ruby

DEPENDENCIES
  itamae
  itamae-plugin-recipe-selinux

BUNDLED WITH
   1.10.6
